
Microsoft Visual Studio Solution File, Format Version 11.00
# Visual Studio 2010
Project("{8BC9CEB8-8B4A-11D0-8D11-00A0C91BC942}") = "Philipp_Efimov_Solar_System", "Philipp_Efimov_Solar_System\Philipp_Efimov_Solar_System.vcxproj", "{E1CCD784-497A-4EC6-824A-C64473651857}"
EndProject
Global
	GlobalSection(SolutionConfigurationPlatforms) = preSolution
		Debug|Win32 = Debug|Win32
		Release|Win32 = Release|Win32
	EndGlobalSection
	GlobalSection(ProjectConfigurationPlatforms) = postSolution
		{E1CCD784-497A-4EC6-824A-C64473651857}.Debug|Win32.ActiveCfg = Debug|Win32
		{E1CCD784-497A-4EC6-824A-C64473651857}.Debug|Win32.Build.0 = Debug|Win32
		{E1CCD784-497A-4EC6-824A-C64473651857}.Release|Win32.ActiveCfg = Release|Win32
		{E1CCD784-497A-4EC6-824A-C64473651857}.Release|Win32.Build.0 = Release|Win32
	EndGlobalSection
	GlobalSection(SolutionProperties) = preSolution
		HideSolutionNode = FALSE
	EndGlobalSection
EndGlobal
